
Microsoft Visual Studio Solution File, Format Version 12.00
# Visual Studio 15
VisualStudioVersion = 15.0.28307.438
MinimumVisualStudioVersion = 10.0.40219.1
Project("{FAE04EC0-301F-11D3-BF4B-00C04F79EFBC}") = "lesson7", "lesson7.csproj", "{066898B2-3236-4550-81FB-F289E8ADA17D}"
EndProject
Global
	GlobalSection(SolutionConfigurationPlatforms) = preSolution
		Debug|Any CPU = Debug|Any CPU
		Release|Any CPU = Release|Any CPU
	EndGlobalSection
	GlobalSection(ProjectConfigurationPlatforms) = postSolution
		{066898B2-3236-4550-81FB-F289E8ADA17D}.Debug|Any CPU.ActiveCfg = Debug|Any CPU
		{066898B2-3236-4550-81FB-F289E8ADA17D}.Debug|Any CPU.Build.0 = Debug|Any CPU
		{066898B2-3236-4550-81FB-F289E8ADA17D}.Release|Any CPU.ActiveCfg = Release|Any CPU
		{066898B2-3236-4550-81FB-F289E8ADA17D}.Release|Any CPU.Build.0 = Release|Any CPU
	EndGlobalSection
	GlobalSection(SolutionProperties) = preSolution
		HideSolutionNode = FALSE
	EndGlobalSection
	GlobalSection(ExtensibilityGlobals) = postSolution
		SolutionGuid = {438D866C-58B5-49D0-BEE9-928BF4C428C6}
	EndGlobalSection
EndGlobal
